
Microsoft Visual Studio Solution File, Format Version 12.00
# Visual Studio Version 17
VisualStudioVersion = 17.8.34601.278
MinimumVisualStudioVersion = 10.0.40219.1
Project("{FAE04EC0-301F-11D3-BF4B-00C04F79EFBC}") = "ImagePrompter", "ImagePrompter\ImagePrompter.csproj", "{C05EE14E-E656-4B72-BCA5-784E6CD04E0E}"
EndProject
Global
	GlobalSection(SolutionConfigurationPlatforms) = preSolution
		Debug|Any CPU = Debug|Any CPU
		Release|Any CPU = Release|Any CPU
	EndGlobalSection
	GlobalSection(ProjectConfigurationPlatforms) = postSolution
		{C05EE14E-E656-4B72-BCA5-784E6CD04E0E}.Debug|Any CPU.ActiveCfg = Debug|Any CPU
		{C05EE14E-E656-4B72-BCA5-784E6CD04E0E}.Debug|Any CPU.Build.0 = Debug|Any CPU
		{C05EE14E-E656-4B72-BCA5-784E6CD04E0E}.Release|Any CPU.ActiveCfg = Release|Any CPU
		{C05EE14E-E656-4B72-BCA5-784E6CD04E0E}.Release|Any CPU.Build.0 = Release|Any CPU
	EndGlobalSection
	GlobalSection(SolutionProperties) = preSolution
		HideSolutionNode = FALSE
	EndGlobalSection
	GlobalSection(ExtensibilityGlobals) = postSolution
		SolutionGuid = {646EDD8C-A451-4D91-87D6-D5201A21EAC9}
	EndGlobalSection
EndGlobal
